
Microsoft Visual Studio Solution File, Format Version 12.00
# Visual Studio Version 17
VisualStudioVersion = 17.7.34031.279
MinimumVisualStudioVersion = 10.0.40219.1
Project("{FAE04EC0-301F-11D3-BF4B-00C04F79EFBC}") = "AppHW_05_Calculater", "AppHW_05_Calculater.csproj", "{2100799A-7AE5-4E15-9A9D-52F246AD4EDC}"
EndProject
Global
	GlobalSection(SolutionConfigurationPlatforms) = preSolution
		Debug|Any CPU = Debug|Any CPU
		Release|Any CPU = Release|Any CPU
	EndGlobalSection
	GlobalSection(ProjectConfigurationPlatforms) = postSolution
		{2100799A-7AE5-4E15-9A9D-52F246AD4EDC}.Debug|Any CPU.ActiveCfg = Debug|Any CPU
		{2100799A-7AE5-4E15-9A9D-52F246AD4EDC}.Debug|Any CPU.Build.0 = Debug|Any CPU
		{2100799A-7AE5-4E15-9A9D-52F246AD4EDC}.Release|Any CPU.ActiveCfg = Release|Any CPU
		{2100799A-7AE5-4E15-9A9D-52F246AD4EDC}.Release|Any CPU.Build.0 = Release|Any CPU
	EndGlobalSection
	GlobalSection(SolutionProperties) = preSolution
		HideSolutionNode = FALSE
	EndGlobalSection
	GlobalSection(ExtensibilityGlobals) = postSolution
		SolutionGuid = {1750AE17-5EB2-4F98-BAB4-E288FAABD09A}
	EndGlobalSection
EndGlobal
